{
    "_readme": [
        "This file locks the dependencies of your project to a known state",
        "Read more about it at https://getcomposer.org/doc/01-basic-usage.md#installing-dependencies",
        "This file is @generated automatically"
    ],
    "content-hash": "0557dfc39eb3f68326a16e95e8f1b1b9",
    "packages": [
        {
            "name": "beberlei/assert",
            "version": "v3.3.1",
            "source": {
                "type": "git",
                "url": "https://github.com/beberlei/assert.git",
                "reference": "5e721d7e937ca3ba2cdec1e1adf195f9e5188372"
            },
            "dist": {
                "type": "zip",
                "url": "https://api.github.com/repos/beberlei/assert/zipball/5e721d7e937ca3ba2cdec1e1adf195f9e5188372",
                "reference": "5e721d7e937ca3ba2cdec1e1adf195f9e5188372",
                "shasum": ""
            },
            "require": {
                "ext-ctype": "*",
                "ext-json": "*",
                "ext-mbstring": "*",
                "ext-simplexml": "*",
                "php": "^7.0 || ^8.0"
            },
            "require-dev": {
                "friendsofphp/php-cs-fixer": "*",
                "phpstan/phpstan": "*",
                "phpunit/phpunit": ">=6.0.0",
                "yoast/phpunit-polyfills": "^0.1.0"
            },
            "suggest": {
                "ext-intl": "Needed to allow Assertion::count(), Assertion::isCountable(), Assertion::minCount(), and Assertion::maxCount() to operate on ResourceBundles"
            },
            "type": "library",
            "autoload": {
                "psr-4": {
                    "Assert\\": "lib/Assert"
                },
                "files": [
                    "lib/Assert/functions.php"
                ]
            },
            "notification-url": "https://packagist.org/downloads/",
            "license": [
                "BSD-2-Clause"
            ],
            "authors": [
                {
                    "name": "Benjamin Eberlei",
                    "email": "kontakt@beberlei.de",
                    "role": "Lead Developer"
                },
                {
                    "name": "Richard Quadling",
                    "email": "rquadling@gmail.com",
                    "role": "Collaborator"
                }
            ],
            "description": "Thin assertion library for input validation in business models.",
            "keywords": [
                "assert",
                "assertion",
                "validation"
            ],
            "support": {
                "issues": "https://github.com/beberlei/assert/issues",
                "source": "https://github.com/beberlei/assert/tree/v3.3.1"
            },
            "time": "2021-04-18T20:11:03+00:00"
        },
        {
            "name": "phpunit/php-code-coverage",
            "version": "5.3.2",
            "source": {
                "type": "git",
                "url": "https://github.com/sebastianbergmann/php-code-coverage.git",
                "reference": "c89677919c5dd6d3b3852f230a663118762218ac"
            },
            "dist": {
                "type": "zip",
                "url": "https://api.github.com/repos/sebastianbergmann/php-code-coverage/zipball/c89677919c5dd6d3b3852f230a663118762218ac",
                "reference": "c89677919c5dd6d3b3852f230a663118762218ac",
                "shasum": ""
            },
            "require": {
                "ext-dom": "*",
                "ext-xmlwriter": "*",
                "php": "^7.0",
                "phpunit/php-file-iterator": "^1.4.2",
                "phpunit/php-text-template": "^1.2.1",
                "phpunit/php-token-stream": "^2.0.1",
                "sebastian/code-unit-reverse-lookup": "^1.0.1",
                "sebastian/environment": "^3.0",
                "sebastian/version": "^2.0.1",
                "theseer/tokenizer": "^1.1"
            },
            "require-dev": {
                "phpunit/phpunit": "^6.0"
            },
            "suggest": {
                "ext-xdebug": "^2.5.5"
            },
            "type": "library",
            "extra": {
                "branch-alias": {
                    "dev-master": "5.3.x-dev"
                }
            },
            "autoload": {
                "classmap": [
                    "src/"
                ]
            },
            "notification-url": "https://packagist.org/downloads/",
            "license": [
                "BSD-3-Clause"
            ],
            "authors": [
                {
                    "name": "Sebastian Bergmann",
                    "email": "sebastian@phpunit.de",
                    "role": "lead"
                }
            ],
            "description": "Library that provides collection, processing, and rendering functionality for PHP code coverage information.",
            "homepage": "https://github.com/sebastianbergmann/php-code-coverage",
            "keywords": [
                "coverage",
                "testing",
                "xunit"
            ],
            "support": {
                "issues": "https://github.com/sebastianbergmann/php-code-coverage/issues",
                "source": "https://github.com/sebastianbergmann/php-code-coverage/tree/5.3"
            },
            "time": "2018-04-06T15:36:58+00:00"
        },
        {
            "name": "phpunit/php-file-iterator",
            "version": "1.4.5",
            "source": {
                "type": "git",
                "url": "https://github.com/sebastianbergmann/php-file-iterator.git",
                "reference": "730b01bc3e867237eaac355e06a36b85dd93a8b4"
            },
            "dist": {
                "type": "zip",
                "url": "https://api.github.com/repos/sebastianbergmann/php-file-iterator/zipball/730b01bc3e867237eaac355e06a36b85dd93a8b4",
                "reference": "730b01bc3e867237eaac355e06a36b85dd93a8b4",
                "shasum": ""
            },
            "require": {
                "php": ">=5.3.3"
            },
            "type": "library",
            "extra": {
                "branch-alias": {
                    "dev-master": "1.4.x-dev"
                }
            },
            "autoload": {
                "classmap": [
                    "src/"
                ]
            },
            "notification-url": "https://packagist.org/downloads/",
            "license": [
                "BSD-3-Clause"
            ],
            "authors": [
                {
                    "name": "Sebastian Bergmann",
                    "email": "sb@sebastian-bergmann.de",
                    "role": "lead"
                }
            ],
            "description": "FilterIterator implementation that filters files based on a list of suffixes.",
            "homepage": "https://github.com/sebastianbergmann/php-file-iterator/",
            "keywords": [
                "filesystem",
                "iterator"
            ],
            "support": {
                "irc": "irc://irc.freenode.net/phpunit",
                "issues": "https://github.com/sebastianbergmann/php-file-iterator/issues",
                "source": "https://github.com/sebastianbergmann/php-file-iterator/tree/1.4.5"
            },
            "time": "2017-11-27T13:52:08+00:00"
        },
        {
            "name": "phpunit/php-text-template",
            "version": "1.2.1",
            "source": {
                "type": "git",
                "url": "https://github.com/sebastianbergmann/php-text-template.git",
                "reference": "31f8b717e51d9a2afca6c9f046f5d69fc27c8686"
            },
            "dist": {
                "type": "zip",
                "url": "https://api.github.com/repos/sebastianbergmann/php-text-template/zipball/31f8b717e51d9a2afca6c9f046f5d69fc27c8686",
                "reference": "31f8b717e51d9a2afca6c9f046f5d69fc27c8686",
                "shasum": ""
            },
            "require": {
                "php": ">=5.3.3"
            },
            "type": "library",
            "autoload": {
                "classmap": [
                    "src/"
                ]
            },
            "notification-url": "https://packagist.org/downloads/",
            "license": [
                "BSD-3-Clause"
            ],
            "authors": [
                {
                    "name": "Sebastian Bergmann",
                    "email": "sebastian@phpunit.de",
                    "role": "lead"
                }
            ],
            "description": "Simple template engine.",
            "homepage": "https://github.com/sebastianbergmann/php-text-template/",
            "keywords": [
                "template"
            ],
            "support": {
                "issues": "https://github.com/sebastianbergmann/php-text-template/issues",
                "source": "https://github.com/sebastianbergmann/php-text-template/tree/1.2.1"
            },
            "time": "2015-06-21T13:50:34+00:00"
        },
        {
            "name": "phpunit/php-timer",
            "version": "1.0.9",
            "source": {
                "type": "git",
                "url": "https://github.com/sebastianbergmann/php-timer.git",
                "reference": "3dcf38ca72b158baf0bc245e9184d3fdffa9c46f"
            },
            "dist": {
                "type": "zip",
                "url": "https://api.github.com/repos/sebastianbergmann/php-timer/zipball/3dcf38ca72b158baf0bc245e9184d3fdffa9c46f",
                "reference": "3dcf38ca72b158baf0bc245e9184d3fdffa9c46f",
                "shasum": ""
            },
            "require": {
                "php": "^5.3.3 || ^7.0"
            },
            "require-dev": {
                "phpunit/phpunit": "^4.8.35 || ^5.7 || ^6.0"
            },
            "type": "library",
            "extra": {
                "branch-alias": {
                    "dev-master": "1.0-dev"
                }
            },
            "autoload": {
                "classmap": [
                    "src/"
                ]
            },
            "notification-url": "https://packagist.org/downloads/",
            "license": [
                "BSD-3-Clause"
            ],
            "authors": [
                {
                    "name": "Sebastian Bergmann",
                    "email": "sb@sebastian-bergmann.de",
                    "role": "lead"
                }
            ],
            "description": "Utility class for timing",
            "homepage": "https://github.com/sebastianbergmann/php-timer/",
            "keywords": [
                "timer"
            ],
            "support": {
                "issues": "https://github.com/sebastianbergmann/php-timer/issues",
                "source": "https://github.com/sebastianbergmann/php-timer/tree/master"
            },
            "time": "2017-02-26T11:10:40+00:00"
        },
        {
            "name": "phpunit/php-token-stream",
            "version": "2.0.2",
            "source": {
                "type": "git",
                "url": "https://github.com/sebastianbergmann/php-token-stream.git",
                "reference": "791198a2c6254db10131eecfe8c06670700904db"
            },
            "dist": {
                "type": "zip",
                "url": "https://api.github.com/repos/sebastianbergmann/php-token-stream/zipball/791198a2c6254db10131eecfe8c06670700904db",
                "reference": "791198a2c6254db10131eecfe8c06670700904db",
                "shasum": ""
            },
            "require": {
                "ext-tokenizer": "*",
                "php": "^7.0"
            },
            "require-dev": {
                "phpunit/phpunit": "^6.2.4"
            },
            "type": "library",
            "extra": {
                "branch-alias": {
                    "dev-master": "2.0-dev"
                }
            },
            "autoload": {
                "classmap": [
                    "src/"
                ]
            },
            "notification-url": "https://packagist.org/downloads/",
            "license": [
                "BSD-3-Clause"
            ],
            "authors": [
                {
                    "name": "Sebastian Bergmann",
                    "email": "sebastian@phpunit.de"
                }
            ],
            "description": "Wrapper around PHP's tokenizer extension.",
            "homepage": "https://github.com/sebastianbergmann/php-token-stream/",
            "keywords": [
                "tokenizer"
            ],
            "support": {
                "issues": "https://github.com/sebastianbergmann/php-token-stream/issues",
                "source": "https://github.com/sebastianbergmann/php-token-stream/tree/master"
            },
            "abandoned": true,
            "time": "2017-11-27T05:48:46+00:00"
        },
        {
            "name": "sebastian/code-unit-reverse-lookup",
            "version": "1.0.2",
            "source": {
                "type": "git",
                "url": "https://github.com/sebastianbergmann/code-unit-reverse-lookup.git",
                "reference": "1de8cd5c010cb153fcd68b8d0f64606f523f7619"
            },
            "dist": {
                "type": "zip",
                "url": "https://api.github.com/repos/sebastianbergmann/code-unit-reverse-lookup/zipball/1de8cd5c010cb153fcd68b8d0f64606f523f7619",
                "reference": "1de8cd5c010cb153fcd68b8d0f64606f523f7619",
                "shasum": ""
            },
            "require": {
                "php": ">=5.6"
            },
            "require-dev": {
                "phpunit/phpunit": "^8.5"
            },
            "type": "library",
            "extra": {
                "branch-alias": {
                    "dev-master": "1.0.x-dev"
                }
            },
            "autoload": {
                "classmap": [
                    "src/"
                ]
            },
            "notification-url": "https://packagist.org/downloads/",
            "license": [
                "BSD-3-Clause"
            ],
            "authors": [
                {
                    "name": "Sebastian Bergmann",
                    "email": "sebastian@phpunit.de"
                }
            ],
            "description": "Looks up which function or method a line of code belongs to",
            "homepage": "https://github.com/sebastianbergmann/code-unit-reverse-lookup/",
            "support": {
                "issues": "https://github.com/sebastianbergmann/code-unit-reverse-lookup/issues",
                "source": "https://github.com/sebastianbergmann/code-unit-reverse-lookup/tree/1.0.2"
            },
            "funding": [
                {
                    "url": "https://github.com/sebastianbergmann",
                    "type": "github"
                }
            ],
            "time": "2020-11-30T08:15:22+00:00"
        },
        {
            "name": "sebastian/environment",
            "version": "3.1.0",
            "source": {
                "type": "git",
                "url": "https://github.com/sebastianbergmann/environment.git",
                "reference": "cd0871b3975fb7fc44d11314fd1ee20925fce4f5"
            },
            "dist": {
                "type": "zip",
                "url": "https://api.github.com/repos/sebastianbergmann/environment/zipball/cd0871b3975fb7fc44d11314fd1ee20925fce4f5",
                "reference": "cd0871b3975fb7fc44d11314fd1ee20925fce4f5",
                "shasum": ""
            },
            "require": {
                "php": "^7.0"
            },
            "require-dev": {
                "phpunit/phpunit": "^6.1"
            },
            "type": "library",
            "extra": {
                "branch-alias": {
                    "dev-master": "3.1.x-dev"
                }
            },
            "autoload": {
                "classmap": [
                    "src/"
                ]
            },
            "notification-url": "https://packagist.org/downloads/",
            "license": [
                "BSD-3-Clause"
            ],
            "authors": [
                {
                    "name": "Sebastian Bergmann",
                    "email": "sebastian@phpunit.de"
                }
            ],
            "description": "Provides functionality to handle HHVM/PHP environments",
            "homepage": "http://www.github.com/sebastianbergmann/environment",
            "keywords": [
                "Xdebug",
                "environment",
                "hhvm"
            ],
            "support": {
                "issues": "https://github.com/sebastianbergmann/environment/issues",
                "source": "https://github.com/sebastianbergmann/environment/tree/master"
            },
            "time": "2017-07-01T08:51:00+00:00"
        },
        {
            "name": "sebastian/version",
            "version": "2.0.1",
            "source": {
                "type": "git",
                "url": "https://github.com/sebastianbergmann/version.git",
                "reference": "99732be0ddb3361e16ad77b68ba41efc8e979019"
            },
            "dist": {
                "type": "zip",
                "url": "https://api.github.com/repos/sebastianbergmann/version/zipball/99732be0ddb3361e16ad77b68ba41efc8e979019",
                "reference": "99732be0ddb3361e16ad77b68ba41efc8e979019",
                "shasum": ""
            },
            "require": {
                "php": ">=5.6"
            },
            "type": "library",
            "extra": {
                "branch-alias": {
                    "dev-master": "2.0.x-dev"
                }
            },
            "autoload": {
                "classmap": [
                    "src/"
                ]
            },
            "notification-url": "https://packagist.org/downloads/",
            "license": [
                "BSD-3-Clause"
            ],
            "authors": [
                {
                    "name": "Sebastian Bergmann",
                    "email": "sebastian@phpunit.de",
                    "role": "lead"
                }
            ],
            "description": "Library that helps with managing the version number of Git-hosted PHP projects",
            "homepage": "https://github.com/sebastianbergmann/version",
            "support": {
                "issues": "https://github.com/sebastianbergmann/version/issues",
                "source": "https://github.com/sebastianbergmann/version/tree/master"
            },
            "time": "2016-10-03T07:35:21+00:00"
        },
        {
            "name": "symfony/polyfill-mbstring",
            "version": "v1.19.0",
            "source": {
                "type": "git",
                "url": "https://github.com/symfony/polyfill-mbstring.git",
                "reference": "b5f7b932ee6fa802fc792eabd77c4c88084517ce"
            },
            "dist": {
                "type": "zip",
                "url": "https://api.github.com/repos/symfony/polyfill-mbstring/zipball/b5f7b932ee6fa802fc792eabd77c4c88084517ce",
                "reference": "b5f7b932ee6fa802fc792eabd77c4c88084517ce",
                "shasum": ""
            },
            "require": {
                "php": ">=5.3.3"
            },
            "suggest": {
                "ext-mbstring": "For best performance"
            },
            "type": "library",
            "extra": {
                "branch-alias": {
                    "dev-main": "1.19-dev"
                },
                "thanks": {
                    "name": "symfony/polyfill",
                    "url": "https://github.com/symfony/polyfill"
                }
            },
            "autoload": {
                "psr-4": {
                    "Symfony\\Polyfill\\Mbstring\\": ""
                },
                "files": [
                    "bootstrap.php"
                ]
            },
            "notification-url": "https://packagist.org/downloads/",
            "license": [
                "MIT"
            ],
            "authors": [
                {
                    "name": "Nicolas Grekas",
                    "email": "p@tchwork.com"
                },
                {
                    "name": "Symfony Community",
                    "homepage": "https://symfony.com/contributors"
                }
            ],
            "description": "Symfony polyfill for the Mbstring extension",
            "homepage": "https://symfony.com",
            "keywords": [
                "compatibility",
                "mbstring",
                "polyfill",
                "portable",
                "shim"
            ],
            "support": {
                "source": "https://github.com/symfony/polyfill-mbstring/tree/v1.19.0"
            },
            "funding": [
                {
                    "url": "https://symfony.com/sponsor",
                    "type": "custom"
                },
                {
                    "url": "https://github.com/fabpot",
                    "type": "github"
                },
                {
                    "url": "https://tidelift.com/funding/github/packagist/symfony/symfony",
                    "type": "tidelift"
                }
            ],
            "time": "2020-10-23T09:01:57+00:00"
        },
        {
            "name": "symfony/var-dumper",
            "version": "v3.4.47",
            "source": {
                "type": "git",
                "url": "https://github.com/symfony/var-dumper.git",
                "reference": "0719f6cf4633a38b2c1585140998579ce23b4b7d"
            },
            "dist": {
                "type": "zip",
                "url": "https://api.github.com/repos/symfony/var-dumper/zipball/0719f6cf4633a38b2c1585140998579ce23b4b7d",
                "reference": "0719f6cf4633a38b2c1585140998579ce23b4b7d",
                "shasum": ""
            },
            "require": {
                "php": "^5.5.9|>=7.0.8",
                "symfony/polyfill-mbstring": "~1.0"
            },
            "conflict": {
                "phpunit/phpunit": "<4.8.35|<5.4.3,>=5.0"
            },
            "require-dev": {
                "ext-iconv": "*",
                "twig/twig": "~1.34|~2.4"
            },
            "suggest": {
                "ext-iconv": "To convert non-UTF-8 strings to UTF-8 (or symfony/polyfill-iconv in case ext-iconv cannot be used).",
                "ext-intl": "To show region name in time zone dump",
                "ext-symfony_debug": ""
            },
            "type": "library",
            "autoload": {
                "files": [
                    "Resources/functions/dump.php"
                ],
                "psr-4": {
                    "Symfony\\Component\\VarDumper\\": ""
                },
                "exclude-from-classmap": [
                    "/Tests/"
                ]
            },
            "notification-url": "https://packagist.org/downloads/",
            "license": [
                "MIT"
            ],
            "authors": [
                {
                    "name": "Nicolas Grekas",
                    "email": "p@tchwork.com"
                },
                {
                    "name": "Symfony Community",
                    "homepage": "https://symfony.com/contributors"
                }
            ],
            "description": "Symfony mechanism for exploring and dumping PHP variables",
            "homepage": "https://symfony.com",
            "keywords": [
                "debug",
                "dump"
            ],
            "support": {
                "source": "https://github.com/symfony/var-dumper/tree/v3.4.47"
            },
            "funding": [
                {
                    "url": "https://symfony.com/sponsor",
                    "type": "custom"
                },
                {
                    "url": "https://github.com/fabpot",
                    "type": "github"
                },
                {
                    "url": "https://tidelift.com/funding/github/packagist/symfony/symfony",
                    "type": "tidelift"
                }
            ],
            "time": "2020-10-24T10:57:07+00:00"
        },
        {
            "name": "theseer/tokenizer",
            "version": "1.1.3",
            "source": {
                "type": "git",
                "url": "https://github.com/theseer/tokenizer.git",
                "reference": "11336f6f84e16a720dae9d8e6ed5019efa85a0f9"
            },
            "dist": {
                "type": "zip",
                "url": "https://api.github.com/repos/theseer/tokenizer/zipball/11336f6f84e16a720dae9d8e6ed5019efa85a0f9",
                "reference": "11336f6f84e16a720dae9d8e6ed5019efa85a0f9",
                "shasum": ""
            },
            "require": {
                "ext-dom": "*",
                "ext-tokenizer": "*",
                "ext-xmlwriter": "*",
                "php": "^7.0"
            },
            "type": "library",
            "autoload": {
                "classmap": [
                    "src/"
                ]
            },
            "notification-url": "https://packagist.org/downloads/",
            "license": [
                "BSD-3-Clause"
            ],
            "authors": [
                {
                    "name": "Arne Blankerts",
                    "email": "arne@blankerts.de",
                    "role": "Developer"
                }
            ],
            "description": "A small library for converting tokenized PHP source code into XML and potentially other formats",
            "support": {
                "issues": "https://github.com/theseer/tokenizer/issues",
                "source": "https://github.com/theseer/tokenizer/tree/master"
            },
            "time": "2019-06-13T22:48:21+00:00"
        }
    ],
    "packages-dev": [
        {
            "name": "nette/tester",
            "version": "v2.0.2",
            "source": {
                "type": "git",
                "url": "https://github.com/nette/tester.git",
                "reference": "3f273cf0ef82939e5ed07baaa5cf21ea6f657fc2"
            },
            "dist": {
                "type": "zip",
                "url": "https://api.github.com/repos/nette/tester/zipball/3f273cf0ef82939e5ed07baaa5cf21ea6f657fc2",
                "reference": "3f273cf0ef82939e5ed07baaa5cf21ea6f657fc2",
                "shasum": ""
            },
            "require": {
                "php": ">=5.6.0"
            },
            "bin": [
                "src/tester"
            ],
            "type": "library",
            "extra": {
                "branch-alias": {
                    "dev-master": "2.0-dev"
                }
            },
            "autoload": {
                "classmap": [
                    "src/"
                ]
            },
            "notification-url": "https://packagist.org/downloads/",
            "license": [
                "BSD-3-Clause",
                "GPL-2.0",
                "GPL-3.0"
            ],
            "authors": [
                {
                    "name": "David Grudl",
                    "homepage": "https://davidgrudl.com"
                },
                {
                    "name": "Nette Community",
                    "homepage": "https://nette.org/contributors"
                }
            ],
            "description": "Nette Tester: enjoyable unit testing in PHP with code coverage reporter. ????",
            "homepage": "https://tester.nette.org",
            "keywords": [
                "Xdebug",
                "assertions",
                "clover",
                "code coverage",
                "nette",
                "phpdbg",
                "phpunit",
                "testing",
                "unit"
            ],
            "support": {
                "issues": "https://github.com/nette/tester/issues",
                "source": "https://github.com/nette/tester/tree/master"
            },
            "time": "2018-06-07T11:24:40+00:00"
        }
    ],
    "aliases": [],
    "minimum-stability": "dev",
    "stability-flags": [],
    "prefer-stable": true,
    "prefer-lowest": false,
    "platform": {
        "php": "^7.0",
        "ext-pcntl": "*"
    },
    "platform-dev": [],
    "plugin-api-version": "2.1.0"
}
